
Microsoft Visual Studio Solution File, Format Version 12.00
# Visual Studio Version 16
VisualStudioVersion = 16.0.29613.14
MinimumVisualStudioVersion = 10.0.40219.1
Project("{9A19103F-16F7-4668-BE54-9A1E7A4F7556}") = "Agent.Listener", "Agent.Listener\Agent.Listener.csproj", "{40D0E22B-8166-46AC-9BA5-AB1EBB6E0264}"
EndProject
Project("{9A19103F-16F7-4668-BE54-9A1E7A4F7556}") = "Agent.PluginHost", "Agent.PluginHost\Agent.PluginHost.csproj", "{9918EBAE-6319-43E7-B830-BC8658CD0E75}"
EndProject
Project("{9A19103F-16F7-4668-BE54-9A1E7A4F7556}") = "Agent.Plugins", "Agent.Plugins\Agent.Plugins.csproj", "{7CF7EF72-5839-4D0E-9441-C5EBA87E021E}"
EndProject
Project("{9A19103F-16F7-4668-BE54-9A1E7A4F7556}") = "Agent.Sdk", "Agent.Sdk\Agent.Sdk.csproj", "{6512DFE3-2A0C-43EE-8DA9-B3568F34DCDE}"
EndProject
Project("{9A19103F-16F7-4668-BE54-9A1E7A4F7556}") = "Agent.Worker", "Agent.Worker\Agent.Worker.csproj", "{9315F8B9-1005-4162-9016-3FF567F15E29}"
EndProject
Project("{9A19103F-16F7-4668-BE54-9A1E7A4F7556}") = "Microsoft.VisualStudio.Services.Agent", "Microsoft.VisualStudio.Services.Agent\Microsoft.VisualStudio.Services.Agent.csproj", "{96206D87-65A5-4555-971D-50565A3BA4A7}"
EndProject
Project("{9A19103F-16F7-4668-BE54-9A1E7A4F7556}") = "Test", "Test\Test.csproj", "{709214E0-0BC3-4FAD-9F70-6B9C01475E21}"
EndProject
Project("{2150E333-8FDC-42A3-9474-1A3956D46DE8}") = "Solution Items", "Solution Items", "{245310E2-C4D8-43D3-8E3C-3F64F7537F0C}"
	ProjectSection(SolutionItems) = preProject
		.helpers.sh = .helpers.sh
		agentversion = agentversion
		Common.props = Common.props
		dev.cmd = dev.cmd
		dev.sh = dev.sh
		dir.proj = dir.proj
		mkrelease.sh = mkrelease.sh
		NuGet.Config = NuGet.Config
		versionify.js = versionify.js
	EndProjectSection
EndProject
Global
	GlobalSection(SolutionConfigurationPlatforms) = preSolution
		Debug|Any CPU = Debug|Any CPU
		Release|Any CPU = Release|Any CPU
	EndGlobalSection
	GlobalSection(ProjectConfigurationPlatforms) = postSolution
		{40D0E22B-8166-46AC-9BA5-AB1EBB6E0264}.Debug|Any CPU.ActiveCfg = Debug|Any CPU
		{40D0E22B-8166-46AC-9BA5-AB1EBB6E0264}.Debug|Any CPU.Build.0 = Debug|Any CPU
		{40D0E22B-8166-46AC-9BA5-AB1EBB6E0264}.Release|Any CPU.ActiveCfg = Release|Any CPU
		{40D0E22B-8166-46AC-9BA5-AB1EBB6E0264}.Release|Any CPU.Build.0 = Release|Any CPU
		{9918EBAE-6319-43E7-B830-BC8658CD0E75}.Debug|Any CPU.ActiveCfg = Debug|Any CPU
		{9918EBAE-6319-43E7-B830-BC8658CD0E75}.Debug|Any CPU.Build.0 = Debug|Any CPU
		{9918EBAE-6319-43E7-B830-BC8658CD0E75}.Release|Any CPU.ActiveCfg = Release|Any CPU
		{9918EBAE-6319-43E7-B830-BC8658CD0E75}.Release|Any CPU.Build.0 = Release|Any CPU
		{7CF7EF72-5839-4D0E-9441-C5EBA87E021E}.Debug|Any CPU.ActiveCfg = Debug|Any CPU
		{7CF7EF72-5839-4D0E-9441-C5EBA87E021E}.Debug|Any CPU.Build.0 = Debug|Any CPU
		{7CF7EF72-5839-4D0E-9441-C5EBA87E021E}.Release|Any CPU.ActiveCfg = Release|Any CPU
		{7CF7EF72-5839-4D0E-9441-C5EBA87E021E}.Release|Any CPU.Build.0 = Release|Any CPU
		{6512DFE3-2A0C-43EE-8DA9-B3568F34DCDE}.Debug|Any CPU.ActiveCfg = Debug|Any CPU
		{6512DFE3-2A0C-43EE-8DA9-B3568F34DCDE}.Debug|Any CPU.Build.0 = Debug|Any CPU
		{6512DFE3-2A0C-43EE-8DA9-B3568F34DCDE}.Release|Any CPU.ActiveCfg = Release|Any CPU
		{6512DFE3-2A0C-43EE-8DA9-B3568F34DCDE}.Release|Any CPU.Build.0 = Release|Any CPU
		{9315F8B9-1005-4162-9016-3FF567F15E29}.Debug|Any CPU.ActiveCfg = Debug|Any CPU
		{9315F8B9-1005-4162-9016-3FF567F15E29}.Debug|Any CPU.Build.0 = Debug|Any CPU
		{9315F8B9-1005-4162-9016-3FF567F15E29}.Release|Any CPU.ActiveCfg = Release|Any CPU
		{9315F8B9-1005-4162-9016-3FF567F15E29}.Release|Any CPU.Build.0 = Release|Any CPU
		{96206D87-65A5-4555-971D-50565A3BA4A7}.Debug|Any CPU.ActiveCfg = Debug|Any CPU
		{96206D87-65A5-4555-971D-50565A3BA4A7}.Debug|Any CPU.Build.0 = Debug|Any CPU
		{96206D87-65A5-4555-971D-50565A3BA4A7}.Release|Any CPU.ActiveCfg = Release|Any CPU
		{96206D87-65A5-4555-971D-50565A3BA4A7}.Release|Any CPU.Build.0 = Release|Any CPU
		{709214E0-0BC3-4FAD-9F70-6B9C01475E21}.Debug|Any CPU.ActiveCfg = Debug|Any CPU
		{709214E0-0BC3-4FAD-9F70-6B9C01475E21}.Debug|Any CPU.Build.0 = Debug|Any CPU
		{709214E0-0BC3-4FAD-9F70-6B9C01475E21}.Release|Any CPU.ActiveCfg = Release|Any CPU
		{709214E0-0BC3-4FAD-9F70-6B9C01475E21}.Release|Any CPU.Build.0 = Release|Any CPU
	EndGlobalSection
	GlobalSection(SolutionProperties) = preSolution
		HideSolutionNode = FALSE
	EndGlobalSection
	GlobalSection(ExtensibilityGlobals) = postSolution
		SolutionGuid = {04ED1491-3920-47EF-ACD9-154673248A69}
	EndGlobalSection
EndGlobal
